
Microsoft Visual Studio Solution File, Format Version 12.00
# Visual Studio Version 17
VisualStudioVersion = 17.14.36408.4 d17.14
MinimumVisualStudioVersion = 10.0.40219.1
Project("{FAE04EC0-301F-11D3-BF4B-00C04F79EFBC}") = "Ortiz_J_Practica_Navegacion", "Ortiz_J_Practica_Navegacion\Ortiz_J_Practica_Navegacion.csproj", "{D5194C28-6EC9-4D26-A5A6-9C7542DD2192}"
EndProject
Global
	GlobalSection(SolutionConfigurationPlatforms) = preSolution
		Debug|Any CPU = Debug|Any CPU
		Release|Any CPU = Release|Any CPU
	EndGlobalSection
	GlobalSection(ProjectConfigurationPlatforms) = postSolution
		{D5194C28-6EC9-4D26-A5A6-9C7542DD2192}.Debug|Any CPU.ActiveCfg = Debug|Any CPU
		{D5194C28-6EC9-4D26-A5A6-9C7542DD2192}.Debug|Any CPU.Build.0 = Debug|Any CPU
		{D5194C28-6EC9-4D26-A5A6-9C7542DD2192}.Release|Any CPU.ActiveCfg = Release|Any CPU
		{D5194C28-6EC9-4D26-A5A6-9C7542DD2192}.Release|Any CPU.Build.0 = Release|Any CPU
	EndGlobalSection
	GlobalSection(SolutionProperties) = preSolution
		HideSolutionNode = FALSE
	EndGlobalSection
	GlobalSection(ExtensibilityGlobals) = postSolution
		SolutionGuid = {52DD8D00-8434-4140-B149-07B97C0446B2}
	EndGlobalSection
EndGlobal
